# This file is autogenerated, do not edit; changes may be undone by the next 'dep ensure'.


[[projects]]
  name = "github.com/Sirupsen/logrus"
  packages = ["."]
  revision = "f006c2ac4710855cf0f916dd6b77acf6b048dc6e"
  version = "v1.0.3"

[[projects]]
  branch = "master"
  name = "github.com/armon/go-metrics"
  packages = ["."]
  revision = "023a4bbe4bb9bfb23ee7e1afc8d0abad217641f3"

[[projects]]
  branch = "master"
  name = "github.com/dimfeld/httppath"
  packages = ["."]
  revision = "ee938bf735983d53694d79138ad9820efff94c92"

[[projects]]
  name = "github.com/dimfeld/httptreemux"
  packages = ["."]
  revision = "90654bdd3dfc3cac55538aa620f2f4d855bbdb83"
  version = "v4.0.1"

[[projects]]
  name = "github.com/goadesign/goa"
  packages = [".","client","design","design/apidsl","dslengine","encoding/json","goatest","logging/logrus","middleware","uuid"]
  revision = "58f3177f36f2c50ee6119da92795e48bac6d6243"
  version = "v1.2.0"

[[projects]]
  branch = "master"
  name = "github.com/hashicorp/go-immutable-radix"
  packages = ["."]
  revision = "8aac2701530899b64bdea735a1de8da899815220"

[[projects]]
  branch = "master"
  name = "github.com/hashicorp/golang-lru"
  packages = ["simplelru"]
  revision = "0a025b7e63adc15a622f29b0b2c4c3848243bbf6"

[[projects]]
  branch = "master"
  name = "github.com/manveru/faker"
  packages = ["."]
  revision = "717f7cf83fb78669bfab612749c2e8ff63d5be11"

[[projects]]
  name = "github.com/satori/go.uuid"
  packages = ["."]
  revision = "879c5887cd475cd7864858769793b2ceb0d44feb"
  version = "v1.1.0"

[[projects]]
  branch = "master"
  name = "github.com/ugorji/go"
  packages = ["codec"]
  revision = "5efa3251c7f7d05e5d9704a69a984ec9f1386a40"

[[projects]]
  branch = "master"
  name = "github.com/zach-klippenstein/goregen"
  packages = ["."]
  revision = "795b5e3961ea1912fde60af417ad85e86acc0d6a"

[[projects]]
  branch = "master"
  name = "golang.org/x/crypto"
  packages = ["ssh/terminal"]
  revision = "b176d7def5d71bdd214203491f89843ed217f420"

[[projects]]
  branch = "master"
  name = "golang.org/x/net"
  packages = ["websocket"]
  revision = "1c05540f6879653db88113bc4a2b70aec4bd491f"

[[projects]]
  branch = "master"
  name = "golang.org/x/sys"
  packages = ["unix","windows"]
  revision = "9f7170bcd8e9f4d3691c06401119c46a769a1e03"

[solve-meta]
  analyzer-name = "dep"
  analyzer-version = 1
  inputs-digest = "5f31892111a8e1de9411b883f7b2813662b79e432540e62e704eb5be35730c22"
  solver-name = "gps-cdcl"
  solver-version = 1
